# THIS IS AN AUTOGENERATED FILE. DO NOT EDIT THIS FILE DIRECTLY.
# yarn lockfile v1


eslint-config-important-stuff@^1.1.0:
  version "1.1.0"
  resolved "https://registry.yarnpkg.com/eslint-config-important-stuff/-/eslint-config-important-stuff-1.1.0.tgz#f7ed8c33216964faf680f8969dfe0b196c84e6e2"
  integrity sha512-CsV6QFsjNDTZTDEgE1XxhTKph4YJUh5XFMdsWv3p+9DuMyvfy40fsnZiwqXZHBVEUNMHf+zfPGk6s6b4fS9Erw==
