# THIS IS AN AUTOGENERATED FILE. DO NOT EDIT THIS FILE DIRECTLY.
# yarn lockfile v1


eslint-config-important-stuff@^1.0.0:
  version "1.0.0"
  resolved "https://registry.yarnpkg.com/eslint-config-important-stuff/-/eslint-config-important-stuff-1.0.0.tgz#e3f54c79486e3ffabfec27424dfaa0e1f68cd43f"
  integrity sha512-MhrLHX/alhBRyY01SRa2dLYOCG9GRcNA/S3lqDgYhpN5g1mzLIrqVvQoUOzq2EtTITh5CNBG5LXTGvvSOLerMQ==
